// !$*UTF8*$!
{
	archiveVersion = 1;
	classes = {
	};
	objectVersion = 50;
	objects = {

/* Begin PBXBuildFile section */
		444127BB241685AA00B9315E /* AppDelegate.swift in Sources */ = {isa = PBXBuildFile; fileRef = 444127BA241685AA00B9315E /* AppDelegate.swift */; };
		444127BD241685AA00B9315E /* SceneDelegate.swift in Sources */ = {isa = PBXBuildFile; fileRef = 444127BC241685AA00B9315E /* SceneDelegate.swift */; };
		444127BF241685AA00B9315E /* RootView.swift in Sources */ = {isa = PBXBuildFile; fileRef = 444127BE241685AA00B9315E /* RootView.swift */; };
		444127C1241685B900B9315E /* Assets.xcassets in Resources */ = {isa = PBXBuildFile; fileRef = 444127C0241685B900B9315E /* Assets.xcassets */; };
		444127C4241685B900B9315E /* Preview Assets.xcassets in Resources */ = {isa = PBXBuildFile; fileRef = 444127C3241685B900B9315E /* Preview Assets.xcassets */; };
		444127C7241685B900B9315E /* LaunchScreen.storyboard in Resources */ = {isa = PBXBuildFile; fileRef = 444127C5241685B900B9315E /* LaunchScreen.storyboard */; };
		444EF35D24178709007702D6 /* FoodListView.swift in Sources */ = {isa = PBXBuildFile; fileRef = 444EF35C24178709007702D6 /* FoodListView.swift */; };
/* End PBXBuildFile section */

/* Begin PBXFileReference section */
		444127B7241685AA00B9315E /* OtusDZ1.app */ = {isa = PBXFileReference; explicitFileType = wrapper.application; includeInIndex = 0; path = OtusDZ1.app; sourceTree = BUILT_PRODUCTS_DIR; };
		444127BA241685AA00B9315E /* AppDelegate.swift */ = {isa = PBXFileReference; lastKnownFileType = sourcecode.swift; path = AppDelegate.swift; sourceTree = "<group>"; };
		444127BC241685AA00B9315E /* SceneDelegate.swift */ = {isa = PBXFileReference; lastKnownFileType = sourcecode.swift; path = SceneDelegate.swift; sourceTree = "<group>"; };
		444127BE241685AA00B9315E /* RootView.swift */ = {isa = PBXFileReference; lastKnownFileType = sourcecode.swift; path = RootView.swift; sourceTree = "<group>"; };
		444127C0241685B900B9315E /* Assets.xcassets */ = {isa = PBXFileReference; lastKnownFileType = folder.assetcatalog; path = Assets.xcassets; sourceTree = "<group>"; };
		444127C3241685B900B9315E /* Preview Assets.xcassets */ = {isa = PBXFileReference; lastKnownFileType = folder.assetcatalog; path = "Preview Assets.xcassets"; sourceTree = "<group>"; };
		444127C6241685B900B9315E /* Base */ = {isa = PBXFileReference; lastKnownFileType = file.storyboard; name = Base; path = Base.lproj/LaunchScreen.storyboard; sourceTree = "<group>"; };
		444127C8241685B900B9315E /* Info.plist */ = {isa = PBXFileReference; lastKnownFileType = text.plist.xml; path = Info.plist; sourceTree = "<group>"; };
		444EF35C24178709007702D6 /* FoodListView.swift */ = {isa = PBXFileReference; lastKnownFileType = sourcecode.swift; path = FoodListView.swift; sourceTree = "<group>"; };
/* End PBXFileReference section */

/* Begin PBXFrameworksBuildPhase section */
		444127B4241685AA00B9315E /* Frameworks */ = {
			isa = PBXFrameworksBuildPhase;
			buildActionMask = 2147483647;
			files = (
			);
			runOnlyForDeploymentPostprocessing = 0;
		};
/* End PBXFrameworksBuildPhase section */

/* Begin PBXGroup section */
		444127AE241685AA00B9315E = {
			isa = PBXGroup;
			children = (
				444127B9241685AA00B9315E /* OtusDZ1 */,
				444127B8241685AA00B9315E /* Products */,
			);
			sourceTree = "<group>";
		};
		444127B8241685AA00B9315E /* Products */ = {
			isa = PBXGroup;
			children = (
				444127B7241685AA00B9315E /* OtusDZ1.app */,
			);
			name = Products;
			sourceTree = "<group>";
		};
		444127B9241685AA00B9315E /* OtusDZ1 */ = {
			isa = PBXGroup;
			children = (
				444127BA241685AA00B9315E /* AppDelegate.swift */,
				444127BC241685AA00B9315E /* SceneDelegate.swift */,
				444127BE241685AA00B9315E /* RootView.swift */,
				444EF35C24178709007702D6 /* FoodListView.swift */,
				444127C0241685B900B9315E /* Assets.xcassets */,
				444127C5241685B900B9315E /* LaunchScreen.storyboard */,
				444127C8241685B900B9315E /* Info.plist */,
				444127C2241685B900B9315E /* Preview Content */,
			);
			path = OtusDZ1;
			sourceTree = "<group>";
		};
		444127C2241685B900B9315E /* Preview Content */ = {
			isa = PBXGroup;
			children = (
				444127C3241685B900B9315E /* Preview Assets.xcassets */,
			);
			path = "Preview Content";
			sourceTree = "<group>";
		};
/* End PBXGroup section */

/* Begin PBXNativeTarget section */
		444127B6241685AA00B9315E /* OtusDZ1 */ = {
			isa = PBXNativeTarget;
			buildConfigurationList = 444127CB241685B900B9315E /* Build configuration list for PBXNativeTarget "OtusDZ1" */;
			buildPhases = (
				444127B3241685AA00B9315E /* Sources */,
				444127B4241685AA00B9315E /* Frameworks */,
				444127B5241685AA00B9315E /* Resources */,
			);
			buildRules = (
			);
			dependencies = (
			);
			name = OtusDZ1;
			productName = OtusDZ1;
			productReference = 444127B7241685AA00B9315E /* OtusDZ1.app */;
			productType = "com.apple.product-type.application";
		};
/* End PBXNativeTarget section */

/* Begin PBXProject section */
		444127AF241685AA00B9315E /* Project object */ = {
			isa = PBXProject;
			attributes = {
				LastSwiftUpdateCheck = 1140;
				LastUpgradeCheck = 1140;
				ORGANIZATIONNAME = "Георгий Хайденко";
				TargetAttributes = {
					444127B6241685AA00B9315E = {
						CreatedOnToolsVersion = 11.4;
					};
				};
			};
			buildConfigurationList = 444127B2241685AA00B9315E /* Build configuration list for PBXProject "OtusDZ1" */;
			compatibilityVersion = "Xcode 9.3";
			developmentRegion = en;
			hasScannedForEncodings = 0;
			knownRegions = (
				en,
				Base,
			);
			mainGroup = 444127AE241685AA00B9315E;
			productRefGroup = 444127B8241685AA00B9315E /* Products */;
			projectDirPath = "";
			projectRoot = "";
			targets = (
				444127B6241685AA00B9315E /* OtusDZ1 */,
			);
		};
/* End PBXProject section */

/* Begin PBXResourcesBuildPhase section */
		444127B5241685AA00B9315E /* Resources */ = {
			isa = PBXResourcesBuildPhase;
			buildActionMask = 2147483647;
			files = (
				444127C7241685B900B9315E /* LaunchScreen.storyboard in Resources */,
				444127C4241685B900B9315E /* Preview Assets.xcassets in Resources */,
				444127C1241685B900B9315E /* Assets.xcassets in Resources */,
			);
			runOnlyForDeploymentPostprocessing = 0;
		};
/* End PBXResourcesBuildPhase section */

/* Begin PBXSourcesBuildPhase section */
		444127B3241685AA00B9315E /* Sources */ = {
			isa = PBXSourcesBuildPhase;
			buildActionMask = 2147483647;
			files = (
				444EF35D24178709007702D6 /* FoodListView.swift in Sources */,
				444127BB241685AA00B9315E /* AppDelegate.swift in Sources */,
				444127BD241685AA00B9315E /* SceneDelegate.swift in Sources */,
				444127BF241685AA00B9315E /* RootView.swift in Sources */,
			);
			runOnlyForDeploymentPostprocessing = 0;
		};
/* End PBXSourcesBuildPhase section */

/* Begin PBXVariantGroup section */
		444127C5241685B900B9315E /* LaunchScreen.storyboard */ = {
			isa = PBXVariantGroup;
			children = (
				444127C6241685B900B9315E /* Base */,
			);
			name = LaunchScreen.storyboard;
			sourceTree = "<group>";
		};
/* End PBXVariantGroup section */

/* Begin XCBuildConfiguration section */
		444127C9241685B900B9315E /* Debug */ = {
			isa = XCBuildConfiguration;
			buildSettings = {
				ALWAYS_SEARCH_USER_PATHS = NO;
				CLANG_ANALYZER_NONNULL = YES;
				CLANG_ANALYZER_NUMBER_OBJECT_CONVERSION = YES_AGGRESSIVE;
				CLANG_CXX_LANGUAGE_STANDARD = "gnu++14";
				CLANG_CXX_LIBRARY = "libc++";
				CLANG_ENABLE_MODULES = YES;
				CLANG_ENABLE_OBJC_ARC = YES;
				CLANG_ENABLE_OBJC_WEAK = YES;
				CLANG_WARN_BLOCK_CAPTURE_AUTORELEASING = YES;
				CLANG_WARN_BOOL_CONVERSION = YES;
				CLANG_WARN_COMMA = YES;
				CLANG_WARN_CONSTANT_CONVERSION = YES;
				CLANG_WARN_DEPRECATED_OBJC_IMPLEMENTATIONS = YES;
				CLANG_WARN_DIRECT_OBJC_ISA_USAGE = YES_ERROR;
				CLANG_WARN_DOCUMENTATION_COMMENTS = YES;
				CLANG_WARN_EMPTY_BODY = YES;
				CLANG_WARN_ENUM_CONVERSION = YES;
				CLANG_WARN_INFINITE_RECURSION = YES;
				CLANG_WARN_INT_CONVERSION = YES;
				CLANG_WARN_NON_LITERAL_NULL_CONVERSION = YES;
				CLANG_WARN_OBJC_IMPLICIT_RETAIN_SELF = YES;
				CLANG_WARN_OBJC_LITERAL_CONVERSION = YES;
				CLANG_WARN_OBJC_ROOT_CLASS = YES_ERROR;
				CLANG_WARN_RANGE_LOOP_ANALYSIS = YES;
				CLANG_WARN_STRICT_PROTOTYPES = YES;
				CLANG_WARN_SUSPICIOUS_MOVE = YES;
				CLANG_WARN_UNGUARDED_AVAILABILITY = YES_AGGRESSIVE;
				CLANG_WARN_UNREACHABLE_CODE = YES;
				CLANG_WARN__DUPLICATE_METHOD_MATCH = YES;
				COPY_PHASE_STRIP = NO;
				DEBUG_INFORMATION_FORMAT = dwarf;
				ENABLE_STRICT_OBJC_MSGSEND = YES;
				ENABLE_TESTABILITY = YES;
				GCC_C_LANGUAGE_STANDARD = gnu11;
				GCC_DYNAMIC_NO_PIC = NO;
				GCC_NO_COMMON_BLOCKS = YES;
				GCC_OPTIMIZATION_LEVEL = 0;
				GCC_PREPROCESSOR_DEFINITIONS = (
					"DEBUG=1",
					"$(inherited)",
				);
				GCC_WARN_64_TO_32_BIT_CONVERSION = YES;
				GCC_WARN_ABOUT_RETURN_TYPE = YES_ERROR;
				GCC_WARN_UNDECLARED_SELECTOR = YES;
				GCC_WARN_UNINITIALIZED_AUTOS = YES_AGGRESSIVE;
				GCC_WARN_UNUSED_FUNCTION = YES;
				GCC_WARN_UNUSED_VARIABLE = YES;
				IPHONEOS_DEPLOYMENT_TARGET = 13.4;
				MTL_ENABLE_DEBUG_INFO = INCLUDE_SOURCE;
				MTL_FAST_MATH = YES;
				ONLY_ACTIVE_ARCH = YES;
				SDKROOT = iphoneos;
				SWIFT_ACTIVE_COMPILATION_CONDITIONS = DEBUG;
				SWIFT_OPTIMIZATION_LEVEL = "-Onone";
			};
			name = Debug;
		};
		444127CA241685B900B9315E /* Release */ = {
			isa = XCBuildConfiguration;
			buildSettings = {
				ALWAYS_SEARCH_USER_PATHS = NO;
				CLANG_ANALYZER_NONNULL = YES;
				CLANG_ANALYZER_NUMBER_OBJECT_CONVERSION = YES_AGGRESSIVE;
				CLANG_CXX_LANGUAGE_STANDARD = "gnu++14";
				CLANG_CXX_LIBRARY = "libc++";
				CLANG_ENABLE_MODULES = YES;
				CLANG_ENABLE_OBJC_ARC = YES;
				CLANG_ENABLE_OBJC_WEAK = YES;
				CLANG_WARN_BLOCK_CAPTURE_AUTORELEASING = YES;
				CLANG_WARN_BOOL_CONVERSION = YES;
				CLANG_WARN_COMMA = YES;
				CLANG_WARN_CONSTANT_CONVERSION = YES;
				CLANG_WARN_DEPRECATED_OBJC_IMPLEMENTATIONS = YES;
				CLANG_WARN_DIRECT_OBJC_ISA_USAGE = YES_ERROR;
				CLANG_WARN_DOCUMENTATION_COMMENTS = YES;
				CLANG_WARN_EMPTY_BODY = YES;
				CLANG_WARN_ENUM_CONVERSION = YES;
				CLANG_WARN_INFINITE_RECURSION = YES;
				CLANG_WARN_INT_CONVERSION = YES;
				CLANG_WARN_NON_LITERAL_NULL_CONVERSION = YES;
				CLANG_WARN_OBJC_IMPLICIT_RETAIN_SELF = YES;
				CLANG_WARN_OBJC_LITERAL_CONVERSION = YES;
				CLANG_WARN_OBJC_ROOT_CLASS = YES_ERROR;
				CLANG_WARN_RANGE_LOOP_ANALYSIS = YES;
				CLANG_WARN_STRICT_PROTOTYPES = YES;
				CLANG_WARN_SUSPICIOUS_MOVE = YES;
				CLANG_WARN_UNGUARDED_AVAILABILITY = YES_AGGRESSIVE;
				CLANG_WARN_UNREACHABLE_CODE = YES;
				CLANG_WARN__DUPLICATE_METHOD_MATCH = YES;
				COPY_PHASE_STRIP = NO;
				DEBUG_INFORMATION_FORMAT = "dwarf-with-dsym";
				ENABLE_NS_ASSERTIONS = NO;
				ENABLE_STRICT_OBJC_MSGSEND = YES;
				GCC_C_LANGUAGE_STANDARD = gnu11;
				GCC_NO_COMMON_BLOCKS = YES;
				GCC_WARN_64_TO_32_BIT_CONVERSION = YES;
				GCC_WARN_ABOUT_RETURN_TYPE = YES_ERROR;
				GCC_WARN_UNDECLARED_SELECTOR = YES;
				GCC_WARN_UNINITIALIZED_AUTOS = YES_AGGRESSIVE;
				GCC_WARN_UNUSED_FUNCTION = YES;
				GCC_WARN_UNUSED_VARIABLE = YES;
				IPHONEOS_DEPLOYMENT_TARGET = 13.4;
				MTL_ENABLE_DEBUG_INFO = NO;
				MTL_FAST_MATH = YES;
				SDKROOT = iphoneos;
				SWIFT_COMPILATION_MODE = wholemodule;
				SWIFT_OPTIMIZATION_LEVEL = "-O";
				VALIDATE_PRODUCT = YES;
			};
			name = Release;
		};
		444127CC241685B900B9315E /* Debug */ = {
			isa = XCBuildConfiguration;
			buildSettings = {
				ASSETCATALOG_COMPILER_APPICON_NAME = AppIcon;
				CODE_SIGN_STYLE = Automatic;
				DEVELOPMENT_ASSET_PATHS = "\"OtusDZ1/Preview Content\"";
				DEVELOPMENT_TEAM = UBXSN34678;
				ENABLE_PREVIEWS = YES;
				INFOPLIST_FILE = OtusDZ1/Info.plist;
				LD_RUNPATH_SEARCH_PATHS = (
					"$(inherited)",
					"@executable_path/Frameworks",
				);
				PRODUCT_BUNDLE_IDENTIFIER = com.jesterix.OtusDZ1;
				PRODUCT_NAME = "$(TARGET_NAME)";
				SWIFT_VERSION = 5.0;
				TARGETED_DEVICE_FAMILY = "1,2";
			};
			name = Debug;
		};
		444127CD241685B900B9315E /* Release */ = {
			isa = XCBuildConfiguration;
			buildSettings = {
				ASSETCATALOG_COMPILER_APPICON_NAME = AppIcon;
				CODE_SIGN_STYLE = Automatic;
				DEVELOPMENT_ASSET_PATHS = "\"OtusDZ1/Preview Content\"";
				DEVELOPMENT_TEAM = UBXSN34678;
				ENABLE_PREVIEWS = YES;
				INFOPLIST_FILE = OtusDZ1/Info.plist;
				LD_RUNPATH_SEARCH_PATHS = (
					"$(inherited)",
					"@executable_path/Frameworks",
				);
				PRODUCT_BUNDLE_IDENTIFIER = com.jesterix.OtusDZ1;
				PRODUCT_NAME = "$(TARGET_NAME)";
				SWIFT_VERSION = 5.0;
				TARGETED_DEVICE_FAMILY = "1,2";
			};
			name = Release;
		};
/* End XCBuildConfiguration section */

/* Begin XCConfigurationList section */
		444127B2241685AA00B9315E /* Build configuration list for PBXProject "OtusDZ1" */ = {
			isa = XCConfigurationList;
			buildConfigurations = (
				444127C9241685B900B9315E /* Debug */,
				444127CA241685B900B9315E /* Release */,
			);
			defaultConfigurationIsVisible = 0;
			defaultConfigurationName = Release;
		};
		444127CB241685B900B9315E /* Build configuration list for PBXNativeTarget "OtusDZ1" */ = {
			isa = XCConfigurationList;
			buildConfigurations = (
				444127CC241685B900B9315E /* Debug */,
				444127CD241685B900B9315E /* Release */,
			);
			defaultConfigurationIsVisible = 0;
			defaultConfigurationName = Release;
		};
/* End XCConfigurationList section */
	};
	rootObject = 444127AF241685AA00B9315E /* Project object */;
}
